{
  "originHash" : "93dca8f4f807ab176180de2985e6875b00bd1a056838d7b2d0136366995c03d9",
  "pins" : [
    {
      "identity" : "swift-argument-parser",
      "kind" : "remoteSourceControl",
      "location" : "https://github.com/apple/swift-argument-parser",
      "state" : {
        "revision" : "41982a3656a71c768319979febd796c6fd111d5c",
        "version" : "1.5.0"
      }
    }
  ],
  "version" : 3
}
